{
  "name": "project_iMusic",
  "lockfileVersion": 2,
  "requires": true,
  "packages": {
    "": {
      "dependencies": {
        "@vant/weapp": "^1.10.5",
        "mobx-miniprogram": "^4.13.2",
        "mobx-miniprogram-bindings": "^1.2.1",
        "underscore": "^1.13.6",
        "wx-computed": "^0.0.3"
      }
    },
    "node_modules/@vant/weapp": {
      "version": "1.10.5",
      "resolved": "https://registry.npmmirror.com/@vant/weapp/-/weapp-1.10.5.tgz",
      "integrity": "sha512-bAHp9r0ZiRsOqPOLzQHI/ZvkAlXzol1/TFhM70MyghuxkzJTjcDUd8RIfLkCN3c1MCK/PfBGw2an8/afygftCg=="
    },
    "node_modules/mobx-miniprogram": {
      "version": "4.13.2",
      "resolved": "https://registry.npmmirror.com/mobx-miniprogram/-/mobx-miniprogram-4.13.2.tgz",
      "integrity": "sha512-C3HtkqHCLKp35N2gXA80yFD6PNfSqwioPFmnjTQpBLrEqYm1F6yiWZ57CW+8FqgmR306mw6ZfsM5q7hSTHw8BQ=="
    },
    "node_modules/mobx-miniprogram-bindings": {
      "version": "1.2.1",
      "resolved": "https://registry.npmmirror.com/mobx-miniprogram-bindings/-/mobx-miniprogram-bindings-1.2.1.tgz",
      "integrity": "sha512-OleJ0IIc4g8rC7ul0wtn+imapVQvWo/1UxZyvdMrfwcenmHBjY4Bddr90RoIwkM+Ul7nOxsYdsmOsB/mZ0PJmA==",
      "peerDependencies": {
        "mobx-miniprogram": "^4.0.0"
      }
    },
    "node_modules/underscore": {
      "version": "1.13.6",
      "resolved": "https://registry.npmmirror.com/underscore/-/underscore-1.13.6.tgz",
      "integrity": "sha512-+A5Sja4HP1M08MaXya7p5LvjuM7K6q/2EaC0+iovj/wOcMsTzMvDFbasi/oSapiwOlt252IqsKqPjCl7huKS0A=="
    },
    "node_modules/wx-computed": {
      "version": "0.0.3",
      "resolved": "https://registry.npmmirror.com/wx-computed/-/wx-computed-0.0.3.tgz",
      "integrity": "sha512-2J5VoClcyq2f68tgm3pAfn8OvCaeT4s+Ep8raEqY2GoAMb2zeGoJKEPWSum2BX3PaWovgYTRXwpEjoRLHXfevg=="
    }
  },
  "dependencies": {
    "@vant/weapp": {
      "version": "1.10.5",
      "resolved": "https://registry.npmmirror.com/@vant/weapp/-/weapp-1.10.5.tgz",
      "integrity": "sha512-bAHp9r0ZiRsOqPOLzQHI/ZvkAlXzol1/TFhM70MyghuxkzJTjcDUd8RIfLkCN3c1MCK/PfBGw2an8/afygftCg=="
    },
    "mobx-miniprogram": {
      "version": "4.13.2",
      "resolved": "https://registry.npmmirror.com/mobx-miniprogram/-/mobx-miniprogram-4.13.2.tgz",
      "integrity": "sha512-C3HtkqHCLKp35N2gXA80yFD6PNfSqwioPFmnjTQpBLrEqYm1F6yiWZ57CW+8FqgmR306mw6ZfsM5q7hSTHw8BQ=="
    },
    "mobx-miniprogram-bindings": {
      "version": "1.2.1",
      "resolved": "https://registry.npmmirror.com/mobx-miniprogram-bindings/-/mobx-miniprogram-bindings-1.2.1.tgz",
      "integrity": "sha512-OleJ0IIc4g8rC7ul0wtn+imapVQvWo/1UxZyvdMrfwcenmHBjY4Bddr90RoIwkM+Ul7nOxsYdsmOsB/mZ0PJmA==",
      "requires": {}
    },
    "underscore": {
      "version": "1.13.6",
      "resolved": "https://registry.npmmirror.com/underscore/-/underscore-1.13.6.tgz",
      "integrity": "sha512-+A5Sja4HP1M08MaXya7p5LvjuM7K6q/2EaC0+iovj/wOcMsTzMvDFbasi/oSapiwOlt252IqsKqPjCl7huKS0A=="
    },
    "wx-computed": {
      "version": "0.0.3",
      "resolved": "https://registry.npmmirror.com/wx-computed/-/wx-computed-0.0.3.tgz",
      "integrity": "sha512-2J5VoClcyq2f68tgm3pAfn8OvCaeT4s+Ep8raEqY2GoAMb2zeGoJKEPWSum2BX3PaWovgYTRXwpEjoRLHXfevg=="
    }
  }
}
